
Microsoft Visual Studio Solution File, Format Version 12.00
# Visual Studio Version 17
VisualStudioVersion = 17.5.33424.131
MinimumVisualStudioVersion = 10.0.40219.1
Project("{FAE04EC0-301F-11D3-BF4B-00C04F79EFBC}") = "Курсач", "Курсач\Курсач.csproj", "{B188E2FE-7047-4AC4-ABE2-6371F9F1232E}"
EndProject
Global
	GlobalSection(SolutionConfigurationPlatforms) = preSolution
		Debug|Any CPU = Debug|Any CPU
		Release|Any CPU = Release|Any CPU
	EndGlobalSection
	GlobalSection(ProjectConfigurationPlatforms) = postSolution
		{B188E2FE-7047-4AC4-ABE2-6371F9F1232E}.Debug|Any CPU.ActiveCfg = Debug|Any CPU
		{B188E2FE-7047-4AC4-ABE2-6371F9F1232E}.Debug|Any CPU.Build.0 = Debug|Any CPU
		{B188E2FE-7047-4AC4-ABE2-6371F9F1232E}.Release|Any CPU.ActiveCfg = Release|Any CPU
		{B188E2FE-7047-4AC4-ABE2-6371F9F1232E}.Release|Any CPU.Build.0 = Release|Any CPU
	EndGlobalSection
	GlobalSection(SolutionProperties) = preSolution
		HideSolutionNode = FALSE
	EndGlobalSection
	GlobalSection(ExtensibilityGlobals) = postSolution
		SolutionGuid = {EAF3BCAA-51D2-4901-AB8E-3C7B3B97F65C}
	EndGlobalSection
EndGlobal
